
Microsoft Visual Studio Solution File, Format Version 12.00
Project("{FAE04EC0-301F-11D3-BF4B-00C04F79EFBC}") = "Emu8086.Core", "Emu8086.Core\Emu8086.Core.csproj", "{9222FC63-C0C6-439E-AC5A-55936ED1B3EE}"
EndProject
Global
	GlobalSection(SolutionConfigurationPlatforms) = preSolution
		Debug|Any CPU = Debug|Any CPU
		Release|Any CPU = Release|Any CPU
	EndGlobalSection
	GlobalSection(ProjectConfigurationPlatforms) = postSolution
		{9222FC63-C0C6-439E-AC5A-55936ED1B3EE}.Debug|Any CPU.ActiveCfg = Debug|Any CPU
		{9222FC63-C0C6-439E-AC5A-55936ED1B3EE}.Debug|Any CPU.Build.0 = Debug|Any CPU
		{9222FC63-C0C6-439E-AC5A-55936ED1B3EE}.Release|Any CPU.ActiveCfg = Release|Any CPU
		{9222FC63-C0C6-439E-AC5A-55936ED1B3EE}.Release|Any CPU.Build.0 = Release|Any CPU
	EndGlobalSection
EndGlobal
